
Microsoft Visual Studio Solution File, Format Version 12.00
# Visual Studio Version 17
VisualStudioVersion = 17.10.34928.147
MinimumVisualStudioVersion = 10.0.40219.1
Project("{FAE04EC0-301F-11D3-BF4B-00C04F79EFBC}") = "Taller-Git", "Taller-Git\Taller-Git.csproj", "{59548660-D6FA-49F2-ABFE-F2CECE898E43}"
EndProject
Global
	GlobalSection(SolutionConfigurationPlatforms) = preSolution
		Debug|Any CPU = Debug|Any CPU
		Release|Any CPU = Release|Any CPU
	EndGlobalSection
	GlobalSection(ProjectConfigurationPlatforms) = postSolution
		{59548660-D6FA-49F2-ABFE-F2CECE898E43}.Debug|Any CPU.ActiveCfg = Debug|Any CPU
		{59548660-D6FA-49F2-ABFE-F2CECE898E43}.Debug|Any CPU.Build.0 = Debug|Any CPU
		{59548660-D6FA-49F2-ABFE-F2CECE898E43}.Release|Any CPU.ActiveCfg = Release|Any CPU
		{59548660-D6FA-49F2-ABFE-F2CECE898E43}.Release|Any CPU.Build.0 = Release|Any CPU
	EndGlobalSection
	GlobalSection(SolutionProperties) = preSolution
		HideSolutionNode = FALSE
	EndGlobalSection
	GlobalSection(ExtensibilityGlobals) = postSolution
		SolutionGuid = {4EA45203-4406-4180-B50E-8A3C9383E70A}
	EndGlobalSection
EndGlobal
